
Microsoft Visual Studio Solution File, Format Version 12.00
# Visual Studio Version 16
VisualStudioVersion = 16.0.29418.71
MinimumVisualStudioVersion = 10.0.40219.1
Project("{FAE04EC0-301F-11D3-BF4B-00C04F79EFBC}") = "YunCBlog.MVCData", "YunCBlog.MVCData\YunCBlog.MVCData.csproj", "{1729F20E-CCE4-44A9-9F8B-36EDDF2C0070}"
EndProject
Project("{FAE04EC0-301F-11D3-BF4B-00C04F79EFBC}") = "YunCBlog.Models", "YunCBlog.Models\YunCBlog.Models.csproj", "{0EB0652B-798A-4FFC-8F21-C96AFE9D719D}"
EndProject
Project("{FAE04EC0-301F-11D3-BF4B-00C04F79EFBC}") = "YunCBlog.IDAL", "YunCBlog.IDAL\YunCBlog.IDAL.csproj", "{B5F2CEAA-453A-4035-AEF5-69E0D3147010}"
EndProject
Project("{FAE04EC0-301F-11D3-BF4B-00C04F79EFBC}") = "YunCBlog.DAL", "YunCBlog.DAL\YunCBlog.DAL.csproj", "{8F772810-DDCF-4829-8DBE-DE99DC19F99B}"
EndProject
Project("{FAE04EC0-301F-11D3-BF4B-00C04F79EFBC}") = "YunCBlog.IBLL", "YunCBlog.IBLL\YunCBlog.IBLL.csproj", "{8C3F04CC-5095-4DFF-8ECC-F6B0CDA83876}"
EndProject
Project("{FAE04EC0-301F-11D3-BF4B-00C04F79EFBC}") = "YunCBlog.Dto", "YunCBlog.Dto\YunCBlog.Dto.csproj", "{598591B4-0EA4-42B6-99E9-3371EB56513D}"
EndProject
Project("{FAE04EC0-301F-11D3-BF4B-00C04F79EFBC}") = "YunCBlog.BLL", "YunCBlog.BLL\YunCBlog.BLL.csproj", "{4A94CD94-88E6-4D84-B8AC-4A369A5D4B23}"
EndProject
Global
	GlobalSection(SolutionConfigurationPlatforms) = preSolution
		Debug|Any CPU = Debug|Any CPU
		Release|Any CPU = Release|Any CPU
	EndGlobalSection
	GlobalSection(ProjectConfigurationPlatforms) = postSolution
		{1729F20E-CCE4-44A9-9F8B-36EDDF2C0070}.Debug|Any CPU.ActiveCfg = Debug|Any CPU
		{1729F20E-CCE4-44A9-9F8B-36EDDF2C0070}.Debug|Any CPU.Build.0 = Debug|Any CPU
		{1729F20E-CCE4-44A9-9F8B-36EDDF2C0070}.Release|Any CPU.ActiveCfg = Release|Any CPU
		{1729F20E-CCE4-44A9-9F8B-36EDDF2C0070}.Release|Any CPU.Build.0 = Release|Any CPU
		{0EB0652B-798A-4FFC-8F21-C96AFE9D719D}.Debug|Any CPU.ActiveCfg = Debug|Any CPU
		{0EB0652B-798A-4FFC-8F21-C96AFE9D719D}.Debug|Any CPU.Build.0 = Debug|Any CPU
		{0EB0652B-798A-4FFC-8F21-C96AFE9D719D}.Release|Any CPU.ActiveCfg = Release|Any CPU
		{0EB0652B-798A-4FFC-8F21-C96AFE9D719D}.Release|Any CPU.Build.0 = Release|Any CPU
		{B5F2CEAA-453A-4035-AEF5-69E0D3147010}.Debug|Any CPU.ActiveCfg = Debug|Any CPU
		{B5F2CEAA-453A-4035-AEF5-69E0D3147010}.Debug|Any CPU.Build.0 = Debug|Any CPU
		{B5F2CEAA-453A-4035-AEF5-69E0D3147010}.Release|Any CPU.ActiveCfg = Release|Any CPU
		{B5F2CEAA-453A-4035-AEF5-69E0D3147010}.Release|Any CPU.Build.0 = Release|Any CPU
		{8F772810-DDCF-4829-8DBE-DE99DC19F99B}.Debug|Any CPU.ActiveCfg = Debug|Any CPU
		{8F772810-DDCF-4829-8DBE-DE99DC19F99B}.Debug|Any CPU.Build.0 = Debug|Any CPU
		{8F772810-DDCF-4829-8DBE-DE99DC19F99B}.Release|Any CPU.ActiveCfg = Release|Any CPU
		{8F772810-DDCF-4829-8DBE-DE99DC19F99B}.Release|Any CPU.Build.0 = Release|Any CPU
		{8C3F04CC-5095-4DFF-8ECC-F6B0CDA83876}.Debug|Any CPU.ActiveCfg = Debug|Any CPU
		{8C3F04CC-5095-4DFF-8ECC-F6B0CDA83876}.Debug|Any CPU.Build.0 = Debug|Any CPU
		{8C3F04CC-5095-4DFF-8ECC-F6B0CDA83876}.Release|Any CPU.ActiveCfg = Release|Any CPU
		{8C3F04CC-5095-4DFF-8ECC-F6B0CDA83876}.Release|Any CPU.Build.0 = Release|Any CPU
		{598591B4-0EA4-42B6-99E9-3371EB56513D}.Debug|Any CPU.ActiveCfg = Debug|Any CPU
		{598591B4-0EA4-42B6-99E9-3371EB56513D}.Debug|Any CPU.Build.0 = Debug|Any CPU
		{598591B4-0EA4-42B6-99E9-3371EB56513D}.Release|Any CPU.ActiveCfg = Release|Any CPU
		{598591B4-0EA4-42B6-99E9-3371EB56513D}.Release|Any CPU.Build.0 = Release|Any CPU
		{4A94CD94-88E6-4D84-B8AC-4A369A5D4B23}.Debug|Any CPU.ActiveCfg = Debug|Any CPU
		{4A94CD94-88E6-4D84-B8AC-4A369A5D4B23}.Debug|Any CPU.Build.0 = Debug|Any CPU
		{4A94CD94-88E6-4D84-B8AC-4A369A5D4B23}.Release|Any CPU.ActiveCfg = Release|Any CPU
		{4A94CD94-88E6-4D84-B8AC-4A369A5D4B23}.Release|Any CPU.Build.0 = Release|Any CPU
	EndGlobalSection
	GlobalSection(SolutionProperties) = preSolution
		HideSolutionNode = FALSE
	EndGlobalSection
	GlobalSection(ExtensibilityGlobals) = postSolution
		SolutionGuid = {75E545B9-33C3-46B2-B245-5FA393C724B8}
	EndGlobalSection
EndGlobal
